
Microsoft Visual Studio Solution File, Format Version 12.00
# Visual Studio Version 16
VisualStudioVersion = 16.0.28803.202
MinimumVisualStudioVersion = 10.0.40219.1
Project("{8BC9CEB8-8B4A-11D0-8D11-00A0C91BC942}") = "Procedural2DGenerator++", "Procedural2DGenerator++\Procedural2DGenerator++.vcxproj", "{964369F0-DD14-4D77-BD3D-944A9B0B900F}"
EndProject
Project("{FAE04EC0-301F-11D3-BF4B-00C04F79EFBC}") = "Procedural2DGenerator++UnityBridge", "Procedural2DGenerator++UnityBridge\Procedural2DGenerator++UnityBridge.csproj", "{18A525EE-3401-47A0-B106-894494AB31EF}"
EndProject
Project("{8BC9CEB8-8B4A-11D0-8D11-00A0C91BC942}") = "TestAppCpp", "TestAppCpp\TestAppCpp.vcxproj", "{DBE305B1-B34A-4AB4-8D81-082545F6469B}"
EndProject
Global
	GlobalSection(SolutionConfigurationPlatforms) = preSolution
		Debug|x64 = Debug|x64
		Release|x64 = Release|x64
	EndGlobalSection
	GlobalSection(ProjectConfigurationPlatforms) = postSolution
		{964369F0-DD14-4D77-BD3D-944A9B0B900F}.Debug|x64.ActiveCfg = Debug|x64
		{964369F0-DD14-4D77-BD3D-944A9B0B900F}.Debug|x64.Build.0 = Debug|x64
		{964369F0-DD14-4D77-BD3D-944A9B0B900F}.Release|x64.ActiveCfg = Release|x64
		{964369F0-DD14-4D77-BD3D-944A9B0B900F}.Release|x64.Build.0 = Release|x64
		{18A525EE-3401-47A0-B106-894494AB31EF}.Debug|x64.ActiveCfg = Debug|Any CPU
		{18A525EE-3401-47A0-B106-894494AB31EF}.Debug|x64.Build.0 = Debug|Any CPU
		{18A525EE-3401-47A0-B106-894494AB31EF}.Release|x64.ActiveCfg = Release|Any CPU
		{18A525EE-3401-47A0-B106-894494AB31EF}.Release|x64.Build.0 = Release|Any CPU
		{DBE305B1-B34A-4AB4-8D81-082545F6469B}.Debug|x64.ActiveCfg = Debug|x64
		{DBE305B1-B34A-4AB4-8D81-082545F6469B}.Debug|x64.Build.0 = Debug|x64
		{DBE305B1-B34A-4AB4-8D81-082545F6469B}.Release|x64.ActiveCfg = Release|x64
		{DBE305B1-B34A-4AB4-8D81-082545F6469B}.Release|x64.Build.0 = Release|x64
	EndGlobalSection
	GlobalSection(SolutionProperties) = preSolution
		HideSolutionNode = FALSE
	EndGlobalSection
	GlobalSection(ExtensibilityGlobals) = postSolution
		SolutionGuid = {64DBFEA7-4928-4B5D-B623-E1CE61F5BFF5}
	EndGlobalSection
EndGlobal
