
Microsoft Visual Studio Solution File, Format Version 12.00
# Visual Studio Version 16
VisualStudioVersion = 16.0.28803.202
MinimumVisualStudioVersion = 10.0.40219.1
Project("{8BC9CEB8-8B4A-11D0-8D11-00A0C91BC942}") = "Procedural2DGenerator++", "Procedural2DGenerator++\Procedural2DGenerator++.vcxproj", "{964369F0-DD14-4D77-BD3D-944A9B0B900F}"
EndProject
Project("{FAE04EC0-301F-11D3-BF4B-00C04F79EFBC}") = "Procedural2DGenerator++UnityBridge", "Procedural2DGenerator++UnityBridge\Procedural2DGenerator++UnityBridge.csproj", "{18A525EE-3401-47A0-B106-894494AB31EF}"
EndProject
Project("{FAE04EC0-301F-11D3-BF4B-00C04F79EFBC}") = "TestAppCs", "TestAppCs\TestAppCs.csproj", "{7059AAF9-3084-40B1-AC70-665A207E4E35}"
EndProject
Project("{8BC9CEB8-8B4A-11D0-8D11-00A0C91BC942}") = "TestAppCpp", "TestAppCpp\TestAppCpp.vcxproj", "{DBE305B1-B34A-4AB4-8D81-082545F6469B}"
EndProject
Global
	GlobalSection(SolutionConfigurationPlatforms) = preSolution
		Debug|Any CPU = Debug|Any CPU
		Debug|x64 = Debug|x64
		Debug|x86 = Debug|x86
		Release|Any CPU = Release|Any CPU
		Release|x64 = Release|x64
		Release|x86 = Release|x86
	EndGlobalSection
	GlobalSection(ProjectConfigurationPlatforms) = postSolution
		{964369F0-DD14-4D77-BD3D-944A9B0B900F}.Debug|Any CPU.ActiveCfg = Debug|Win32
		{964369F0-DD14-4D77-BD3D-944A9B0B900F}.Debug|x64.ActiveCfg = Debug|x64
		{964369F0-DD14-4D77-BD3D-944A9B0B900F}.Debug|x64.Build.0 = Debug|x64
		{964369F0-DD14-4D77-BD3D-944A9B0B900F}.Debug|x86.ActiveCfg = Debug|Win32
		{964369F0-DD14-4D77-BD3D-944A9B0B900F}.Debug|x86.Build.0 = Debug|Win32
		{964369F0-DD14-4D77-BD3D-944A9B0B900F}.Release|Any CPU.ActiveCfg = Release|Win32
		{964369F0-DD14-4D77-BD3D-944A9B0B900F}.Release|x64.ActiveCfg = Release|x64
		{964369F0-DD14-4D77-BD3D-944A9B0B900F}.Release|x64.Build.0 = Release|x64
		{964369F0-DD14-4D77-BD3D-944A9B0B900F}.Release|x86.ActiveCfg = Release|Win32
		{964369F0-DD14-4D77-BD3D-944A9B0B900F}.Release|x86.Build.0 = Release|Win32
		{18A525EE-3401-47A0-B106-894494AB31EF}.Debug|Any CPU.ActiveCfg = Debug|Any CPU
		{18A525EE-3401-47A0-B106-894494AB31EF}.Debug|Any CPU.Build.0 = Debug|Any CPU
		{18A525EE-3401-47A0-B106-894494AB31EF}.Debug|x64.ActiveCfg = Debug|Any CPU
		{18A525EE-3401-47A0-B106-894494AB31EF}.Debug|x64.Build.0 = Debug|Any CPU
		{18A525EE-3401-47A0-B106-894494AB31EF}.Debug|x86.ActiveCfg = Debug|Any CPU
		{18A525EE-3401-47A0-B106-894494AB31EF}.Debug|x86.Build.0 = Debug|Any CPU
		{18A525EE-3401-47A0-B106-894494AB31EF}.Release|Any CPU.ActiveCfg = Release|Any CPU
		{18A525EE-3401-47A0-B106-894494AB31EF}.Release|Any CPU.Build.0 = Release|Any CPU
		{18A525EE-3401-47A0-B106-894494AB31EF}.Release|x64.ActiveCfg = Release|Any CPU
		{18A525EE-3401-47A0-B106-894494AB31EF}.Release|x64.Build.0 = Release|Any CPU
		{18A525EE-3401-47A0-B106-894494AB31EF}.Release|x86.ActiveCfg = Release|Any CPU
		{18A525EE-3401-47A0-B106-894494AB31EF}.Release|x86.Build.0 = Release|Any CPU
		{7059AAF9-3084-40B1-AC70-665A207E4E35}.Debug|Any CPU.ActiveCfg = Debug|Any CPU
		{7059AAF9-3084-40B1-AC70-665A207E4E35}.Debug|Any CPU.Build.0 = Debug|Any CPU
		{7059AAF9-3084-40B1-AC70-665A207E4E35}.Debug|x64.ActiveCfg = Debug|Any CPU
		{7059AAF9-3084-40B1-AC70-665A207E4E35}.Debug|x64.Build.0 = Debug|Any CPU
		{7059AAF9-3084-40B1-AC70-665A207E4E35}.Debug|x86.ActiveCfg = Debug|Any CPU
		{7059AAF9-3084-40B1-AC70-665A207E4E35}.Debug|x86.Build.0 = Debug|Any CPU
		{7059AAF9-3084-40B1-AC70-665A207E4E35}.Release|Any CPU.ActiveCfg = Release|Any CPU
		{7059AAF9-3084-40B1-AC70-665A207E4E35}.Release|Any CPU.Build.0 = Release|Any CPU
		{7059AAF9-3084-40B1-AC70-665A207E4E35}.Release|x64.ActiveCfg = Release|Any CPU
		{7059AAF9-3084-40B1-AC70-665A207E4E35}.Release|x64.Build.0 = Release|Any CPU
		{7059AAF9-3084-40B1-AC70-665A207E4E35}.Release|x86.ActiveCfg = Release|Any CPU
		{7059AAF9-3084-40B1-AC70-665A207E4E35}.Release|x86.Build.0 = Release|Any CPU
		{DBE305B1-B34A-4AB4-8D81-082545F6469B}.Debug|Any CPU.ActiveCfg = Debug|Win32
		{DBE305B1-B34A-4AB4-8D81-082545F6469B}.Debug|x64.ActiveCfg = Debug|x64
		{DBE305B1-B34A-4AB4-8D81-082545F6469B}.Debug|x64.Build.0 = Debug|x64
		{DBE305B1-B34A-4AB4-8D81-082545F6469B}.Debug|x86.ActiveCfg = Debug|Win32
		{DBE305B1-B34A-4AB4-8D81-082545F6469B}.Debug|x86.Build.0 = Debug|Win32
		{DBE305B1-B34A-4AB4-8D81-082545F6469B}.Release|Any CPU.ActiveCfg = Release|Win32
		{DBE305B1-B34A-4AB4-8D81-082545F6469B}.Release|x64.ActiveCfg = Release|x64
		{DBE305B1-B34A-4AB4-8D81-082545F6469B}.Release|x64.Build.0 = Release|x64
		{DBE305B1-B34A-4AB4-8D81-082545F6469B}.Release|x86.ActiveCfg = Release|Win32
		{DBE305B1-B34A-4AB4-8D81-082545F6469B}.Release|x86.Build.0 = Release|Win32
	EndGlobalSection
	GlobalSection(SolutionProperties) = preSolution
		HideSolutionNode = FALSE
	EndGlobalSection
	GlobalSection(ExtensibilityGlobals) = postSolution
		SolutionGuid = {64DBFEA7-4928-4B5D-B623-E1CE61F5BFF5}
	EndGlobalSection
EndGlobal
